// !$*UTF8*$!
{
	archiveVersion = 1;
	classes = {
	};
	objectVersion = 55;
	objects = {

/* Begin PBXBuildFile section */
		B17238D72B5F408F006CCF8F /* AppDelegate.swift in Sources */ = {isa = PBXBuildFile; fileRef = B17238D62B5F408F006CCF8F /* AppDelegate.swift */; };
		B17238D92B5F408F006CCF8F /* SceneDelegate.swift in Sources */ = {isa = PBXBuildFile; fileRef = B17238D82B5F408F006CCF8F /* SceneDelegate.swift */; };
		B17238DB2B5F408F006CCF8F /* ViewController.swift in Sources */ = {isa = PBXBuildFile; fileRef = B17238DA2B5F408F006CCF8F /* ViewController.swift */; };
		B17238DE2B5F408F006CCF8F /* Main.storyboard in Resources */ = {isa = PBXBuildFile; fileRef = B17238DC2B5F408F006CCF8F /* Main.storyboard */; };
		B17238E12B5F408F006CCF8F /* MyMovieApp_Richmond.xcdatamodeld in Sources */ = {isa = PBXBuildFile; fileRef = B17238DF2B5F408F006CCF8F /* MyMovieApp_Richmond.xcdatamodeld */; };
		B17238E32B5F4091006CCF8F /* Assets.xcassets in Resources */ = {isa = PBXBuildFile; fileRef = B17238E22B5F4091006CCF8F /* Assets.xcassets */; };
		B17238E62B5F4091006CCF8F /* LaunchScreen.storyboard in Resources */ = {isa = PBXBuildFile; fileRef = B17238E42B5F4091006CCF8F /* LaunchScreen.storyboard */; };
		B17238F12B5F4091006CCF8F /* MyMovieApp_RichmondTests.swift in Sources */ = {isa = PBXBuildFile; fileRef = B17238F02B5F4091006CCF8F /* MyMovieApp_RichmondTests.swift */; };
		B17238FB2B5F4091006CCF8F /* MyMovieApp_RichmondUITests.swift in Sources */ = {isa = PBXBuildFile; fileRef = B17238FA2B5F4091006CCF8F /* MyMovieApp_RichmondUITests.swift */; };
		B17238FD2B5F4091006CCF8F /* MyMovieApp_RichmondUITestsLaunchTests.swift in Sources */ = {isa = PBXBuildFile; fileRef = B17238FC2B5F4091006CCF8F /* MyMovieApp_RichmondUITestsLaunchTests.swift */; };
		B172390A2B5F421C006CCF8F /* resultCell.swift in Sources */ = {isa = PBXBuildFile; fileRef = B17239092B5F421C006CCF8F /* resultCell.swift */; };
		B1D99E892B5F4B730042C58B /* AppData.swift in Sources */ = {isa = PBXBuildFile; fileRef = B1D99E882B5F4B730042C58B /* AppData.swift */; };
		B1D99E8B2B5F4C750042C58B /* MovieViewController.swift in Sources */ = {isa = PBXBuildFile; fileRef = B1D99E8A2B5F4C750042C58B /* MovieViewController.swift */; };
		B1D99E8D2B5F563B0042C58B /* FavesViewController.swift in Sources */ = {isa = PBXBuildFile; fileRef = B1D99E8C2B5F563B0042C58B /* FavesViewController.swift */; };
/* End PBXBuildFile section */

/* Begin PBXContainerItemProxy section */
		B17238ED2B5F4091006CCF8F /* PBXContainerItemProxy */ = {
			isa = PBXContainerItemProxy;
			containerPortal = B17238CB2B5F408F006CCF8F /* Project object */;
			proxyType = 1;
			remoteGlobalIDString = B17238D22B5F408F006CCF8F;
			remoteInfo = MyMovieApp_Richmond;
		};
		B17238F72B5F4091006CCF8F /* PBXContainerItemProxy */ = {
			isa = PBXContainerItemProxy;
			containerPortal = B17238CB2B5F408F006CCF8F /* Project object */;
			proxyType = 1;
			remoteGlobalIDString = B17238D22B5F408F006CCF8F;
			remoteInfo = MyMovieApp_Richmond;
		};
/* End PBXContainerItemProxy section */

/* Begin PBXFileReference section */
		B17238D32B5F408F006CCF8F /* MyMovieApp_Richmond.app */ = {isa = PBXFileReference; explicitFileType = wrapper.application; includeInIndex = 0; path = MyMovieApp_Richmond.app; sourceTree = BUILT_PRODUCTS_DIR; };
		B17238D62B5F408F006CCF8F /* AppDelegate.swift */ = {isa = PBXFileReference; lastKnownFileType = sourcecode.swift; path = AppDelegate.swift; sourceTree = "<group>"; };
		B17238D82B5F408F006CCF8F /* SceneDelegate.swift */ = {isa = PBXFileReference; lastKnownFileType = sourcecode.swift; path = SceneDelegate.swift; sourceTree = "<group>"; };
		B17238DA2B5F408F006CCF8F /* ViewController.swift */ = {isa = PBXFileReference; lastKnownFileType = sourcecode.swift; path = ViewController.swift; sourceTree = "<group>"; };
		B17238DD2B5F408F006CCF8F /* Base */ = {isa = PBXFileReference; lastKnownFileType = file.storyboard; name = Base; path = Base.lproj/Main.storyboard; sourceTree = "<group>"; };
		B17238E02B5F408F006CCF8F /* MyMovieApp_Richmond.xcdatamodel */ = {isa = PBXFileReference; lastKnownFileType = wrapper.xcdatamodel; path = MyMovieApp_Richmond.xcdatamodel; sourceTree = "<group>"; };
		B17238E22B5F4091006CCF8F /* Assets.xcassets */ = {isa = PBXFileReference; lastKnownFileType = folder.assetcatalog; path = Assets.xcassets; sourceTree = "<group>"; };
		B17238E52B5F4091006CCF8F /* Base */ = {isa = PBXFileReference; lastKnownFileType = file.storyboard; name = Base; path = Base.lproj/LaunchScreen.storyboard; sourceTree = "<group>"; };
		B17238E72B5F4091006CCF8F /* Info.plist */ = {isa = PBXFileReference; lastKnownFileType = text.plist.xml; path = Info.plist; sourceTree = "<group>"; };
		B17238EC2B5F4091006CCF8F /* MyMovieApp_RichmondTests.xctest */ = {isa = PBXFileReference; explicitFileType = wrapper.cfbundle; includeInIndex = 0; path = MyMovieApp_RichmondTests.xctest; sourceTree = BUILT_PRODUCTS_DIR; };
		B17238F02B5F4091006CCF8F /* MyMovieApp_RichmondTests.swift */ = {isa = PBXFileReference; lastKnownFileType = sourcecode.swift; path = MyMovieApp_RichmondTests.swift; sourceTree = "<group>"; };
		B17238F62B5F4091006CCF8F /* MyMovieApp_RichmondUITests.xctest */ = {isa = PBXFileReference; explicitFileType = wrapper.cfbundle; includeInIndex = 0; path = MyMovieApp_RichmondUITests.xctest; sourceTree = BUILT_PRODUCTS_DIR; };
		B17238FA2B5F4091006CCF8F /* MyMovieApp_RichmondUITests.swift */ = {isa = PBXFileReference; lastKnownFileType = sourcecode.swift; path = MyMovieApp_RichmondUITests.swift; sourceTree = "<group>"; };
		B17238FC2B5F4091006CCF8F /* MyMovieApp_RichmondUITestsLaunchTests.swift */ = {isa = PBXFileReference; lastKnownFileType = sourcecode.swift; path = MyMovieApp_RichmondUITestsLaunchTests.swift; sourceTree = "<group>"; };
		B17239092B5F421C006CCF8F /* resultCell.swift */ = {isa = PBXFileReference; lastKnownFileType = sourcecode.swift; path = resultCell.swift; sourceTree = "<group>"; };
		B1D99E882B5F4B730042C58B /* AppData.swift */ = {isa = PBXFileReference; lastKnownFileType = sourcecode.swift; path = AppData.swift; sourceTree = "<group>"; };
		B1D99E8A2B5F4C750042C58B /* MovieViewController.swift */ = {isa = PBXFileReference; lastKnownFileType = sourcecode.swift; path = MovieViewController.swift; sourceTree = "<group>"; };
		B1D99E8C2B5F563B0042C58B /* FavesViewController.swift */ = {isa = PBXFileReference; lastKnownFileType = sourcecode.swift; path = FavesViewController.swift; sourceTree = "<group>"; };
/* End PBXFileReference section */

/* Begin PBXFrameworksBuildPhase section */
		B17238D02B5F408F006CCF8F /* Frameworks */ = {
			isa = PBXFrameworksBuildPhase;
			buildActionMask = 2147483647;
			files = (
			);
			runOnlyForDeploymentPostprocessing = 0;
		};
		B17238E92B5F4091006CCF8F /* Frameworks */ = {
			isa = PBXFrameworksBuildPhase;
			buildActionMask = 2147483647;
			files = (
			);
			runOnlyForDeploymentPostprocessing = 0;
		};
		B17238F32B5F4091006CCF8F /* Frameworks */ = {
			isa = PBXFrameworksBuildPhase;
			buildActionMask = 2147483647;
			files = (
			);
			runOnlyForDeploymentPostprocessing = 0;
		};
/* End PBXFrameworksBuildPhase section */

/* Begin PBXGroup section */
		B17238CA2B5F408F006CCF8F = {
			isa = PBXGroup;
			children = (
				B17238D52B5F408F006CCF8F /* MyMovieApp_Richmond */,
				B17238EF2B5F4091006CCF8F /* MyMovieApp_RichmondTests */,
				B17238F92B5F4091006CCF8F /* MyMovieApp_RichmondUITests */,
				B17238D42B5F408F006CCF8F /* Products */,
			);
			sourceTree = "<group>";
		};
		B17238D42B5F408F006CCF8F /* Products */ = {
			isa = PBXGroup;
			children = (
				B17238D32B5F408F006CCF8F /* MyMovieApp_Richmond.app */,
				B17238EC2B5F4091006CCF8F /* MyMovieApp_RichmondTests.xctest */,
				B17238F62B5F4091006CCF8F /* MyMovieApp_RichmondUITests.xctest */,
			);
			name = Products;
			sourceTree = "<group>";
		};
		B17238D52B5F408F006CCF8F /* MyMovieApp_Richmond */ = {
			isa = PBXGroup;
			children = (
				B17238D62B5F408F006CCF8F /* AppDelegate.swift */,
				B17238D82B5F408F006CCF8F /* SceneDelegate.swift */,
				B17238DA2B5F408F006CCF8F /* ViewController.swift */,
				B1D99E8C2B5F563B0042C58B /* FavesViewController.swift */,
				B1D99E8A2B5F4C750042C58B /* MovieViewController.swift */,
				B1D99E882B5F4B730042C58B /* AppData.swift */,
				B17239092B5F421C006CCF8F /* resultCell.swift */,
				B17238DC2B5F408F006CCF8F /* Main.storyboard */,
				B17238E22B5F4091006CCF8F /* Assets.xcassets */,
				B17238E42B5F4091006CCF8F /* LaunchScreen.storyboard */,
				B17238E72B5F4091006CCF8F /* Info.plist */,
				B17238DF2B5F408F006CCF8F /* MyMovieApp_Richmond.xcdatamodeld */,
			);
			path = MyMovieApp_Richmond;
			sourceTree = "<group>";
		};
		B17238EF2B5F4091006CCF8F /* MyMovieApp_RichmondTests */ = {
			isa = PBXGroup;
			children = (
				B17238F02B5F4091006CCF8F /* MyMovieApp_RichmondTests.swift */,
			);
			path = MyMovieApp_RichmondTests;
			sourceTree = "<group>";
		};
		B17238F92B5F4091006CCF8F /* MyMovieApp_RichmondUITests */ = {
			isa = PBXGroup;
			children = (
				B17238FA2B5F4091006CCF8F /* MyMovieApp_RichmondUITests.swift */,
				B17238FC2B5F4091006CCF8F /* MyMovieApp_RichmondUITestsLaunchTests.swift */,
			);
			path = MyMovieApp_RichmondUITests;
			sourceTree = "<group>";
		};
/* End PBXGroup section */

/* Begin PBXNativeTarget section */
		B17238D22B5F408F006CCF8F /* MyMovieApp_Richmond */ = {
			isa = PBXNativeTarget;
			buildConfigurationList = B17239002B5F4091006CCF8F /* Build configuration list for PBXNativeTarget "MyMovieApp_Richmond" */;
			buildPhases = (
				B17238CF2B5F408F006CCF8F /* Sources */,
				B17238D02B5F408F006CCF8F /* Frameworks */,
				B17238D12B5F408F006CCF8F /* Resources */,
			);
			buildRules = (
			);
			dependencies = (
			);
			name = MyMovieApp_Richmond;
			productName = MyMovieApp_Richmond;
			productReference = B17238D32B5F408F006CCF8F /* MyMovieApp_Richmond.app */;
			productType = "com.apple.product-type.application";
		};
		B17238EB2B5F4091006CCF8F /* MyMovieApp_RichmondTests */ = {
			isa = PBXNativeTarget;
			buildConfigurationList = B17239032B5F4091006CCF8F /* Build configuration list for PBXNativeTarget "MyMovieApp_RichmondTests" */;
			buildPhases = (
				B17238E82B5F4091006CCF8F /* Sources */,
				B17238E92B5F4091006CCF8F /* Frameworks */,
				B17238EA2B5F4091006CCF8F /* Resources */,
			);
			buildRules = (
			);
			dependencies = (
				B17238EE2B5F4091006CCF8F /* PBXTargetDependency */,
			);
			name = MyMovieApp_RichmondTests;
			productName = MyMovieApp_RichmondTests;
			productReference = B17238EC2B5F4091006CCF8F /* MyMovieApp_RichmondTests.xctest */;
			productType = "com.apple.product-type.bundle.unit-test";
		};
		B17238F52B5F4091006CCF8F /* MyMovieApp_RichmondUITests */ = {
			isa = PBXNativeTarget;
			buildConfigurationList = B17239062B5F4091006CCF8F /* Build configuration list for PBXNativeTarget "MyMovieApp_RichmondUITests" */;
			buildPhases = (
				B17238F22B5F4091006CCF8F /* Sources */,
				B17238F32B5F4091006CCF8F /* Frameworks */,
				B17238F42B5F4091006CCF8F /* Resources */,
			);
			buildRules = (
			);
			dependencies = (
				B17238F82B5F4091006CCF8F /* PBXTargetDependency */,
			);
			name = MyMovieApp_RichmondUITests;
			productName = MyMovieApp_RichmondUITests;
			productReference = B17238F62B5F4091006CCF8F /* MyMovieApp_RichmondUITests.xctest */;
			productType = "com.apple.product-type.bundle.ui-testing";
		};
/* End PBXNativeTarget section */

/* Begin PBXProject section */
		B17238CB2B5F408F006CCF8F /* Project object */ = {
			isa = PBXProject;
			attributes = {
				BuildIndependentTargetsInParallel = 1;
				LastSwiftUpdateCheck = 1320;
				LastUpgradeCheck = 1320;
				TargetAttributes = {
					B17238D22B5F408F006CCF8F = {
						CreatedOnToolsVersion = 13.2.1;
					};
					B17238EB2B5F4091006CCF8F = {
						CreatedOnToolsVersion = 13.2.1;
						TestTargetID = B17238D22B5F408F006CCF8F;
					};
					B17238F52B5F4091006CCF8F = {
						CreatedOnToolsVersion = 13.2.1;
						TestTargetID = B17238D22B5F408F006CCF8F;
					};
				};
			};
			buildConfigurationList = B17238CE2B5F408F006CCF8F /* Build configuration list for PBXProject "MyMovieApp_Richmond" */;
			compatibilityVersion = "Xcode 13.0";
			developmentRegion = en;
			hasScannedForEncodings = 0;
			knownRegions = (
				en,
				Base,
			);
			mainGroup = B17238CA2B5F408F006CCF8F;
			productRefGroup = B17238D42B5F408F006CCF8F /* Products */;
			projectDirPath = "";
			projectRoot = "";
			targets = (
				B17238D22B5F408F006CCF8F /* MyMovieApp_Richmond */,
				B17238EB2B5F4091006CCF8F /* MyMovieApp_RichmondTests */,
				B17238F52B5F4091006CCF8F /* MyMovieApp_RichmondUITests */,
			);
		};
/* End PBXProject section */

/* Begin PBXResourcesBuildPhase section */
		B17238D12B5F408F006CCF8F /* Resources */ = {
			isa = PBXResourcesBuildPhase;
			buildActionMask = 2147483647;
			files = (
				B17238E62B5F4091006CCF8F /* LaunchScreen.storyboard in Resources */,
				B17238E32B5F4091006CCF8F /* Assets.xcassets in Resources */,
				B17238DE2B5F408F006CCF8F /* Main.storyboard in Resources */,
			);
			runOnlyForDeploymentPostprocessing = 0;
		};
		B17238EA2B5F4091006CCF8F /* Resources */ = {
			isa = PBXResourcesBuildPhase;
			buildActionMask = 2147483647;
			files = (
			);
			runOnlyForDeploymentPostprocessing = 0;
		};
		B17238F42B5F4091006CCF8F /* Resources */ = {
			isa = PBXResourcesBuildPhase;
			buildActionMask = 2147483647;
			files = (
			);
			runOnlyForDeploymentPostprocessing = 0;
		};
/* End PBXResourcesBuildPhase section */

/* Begin PBXSourcesBuildPhase section */
		B17238CF2B5F408F006CCF8F /* Sources */ = {
			isa = PBXSourcesBuildPhase;
			buildActionMask = 2147483647;
			files = (
				B1D99E8D2B5F563B0042C58B /* FavesViewController.swift in Sources */,
				B17238E12B5F408F006CCF8F /* MyMovieApp_Richmond.xcdatamodeld in Sources */,
				B1D99E8B2B5F4C750042C58B /* MovieViewController.swift in Sources */,
				B17238DB2B5F408F006CCF8F /* ViewController.swift in Sources */,
				B17238D72B5F408F006CCF8F /* AppDelegate.swift in Sources */,
				B17238D92B5F408F006CCF8F /* SceneDelegate.swift in Sources */,
				B172390A2B5F421C006CCF8F /* resultCell.swift in Sources */,
				B1D99E892B5F4B730042C58B /* AppData.swift in Sources */,
			);
			runOnlyForDeploymentPostprocessing = 0;
		};
		B17238E82B5F4091006CCF8F /* Sources */ = {
			isa = PBXSourcesBuildPhase;
			buildActionMask = 2147483647;
			files = (
				B17238F12B5F4091006CCF8F /* MyMovieApp_RichmondTests.swift in Sources */,
			);
			runOnlyForDeploymentPostprocessing = 0;
		};
		B17238F22B5F4091006CCF8F /* Sources */ = {
			isa = PBXSourcesBuildPhase;
			buildActionMask = 2147483647;
			files = (
				B17238FB2B5F4091006CCF8F /* MyMovieApp_RichmondUITests.swift in Sources */,
				B17238FD2B5F4091006CCF8F /* MyMovieApp_RichmondUITestsLaunchTests.swift in Sources */,
			);
			runOnlyForDeploymentPostprocessing = 0;
		};
/* End PBXSourcesBuildPhase section */

/* Begin PBXTargetDependency section */
		B17238EE2B5F4091006CCF8F /* PBXTargetDependency */ = {
			isa = PBXTargetDependency;
			target = B17238D22B5F408F006CCF8F /* MyMovieApp_Richmond */;
			targetProxy = B17238ED2B5F4091006CCF8F /* PBXContainerItemProxy */;
		};
		B17238F82B5F4091006CCF8F /* PBXTargetDependency */ = {
			isa = PBXTargetDependency;
			target = B17238D22B5F408F006CCF8F /* MyMovieApp_Richmond */;
			targetProxy = B17238F72B5F4091006CCF8F /* PBXContainerItemProxy */;
		};
/* End PBXTargetDependency section */

/* Begin PBXVariantGroup section */
		B17238DC2B5F408F006CCF8F /* Main.storyboard */ = {
			isa = PBXVariantGroup;
			children = (
				B17238DD2B5F408F006CCF8F /* Base */,
			);
			name = Main.storyboard;
			sourceTree = "<group>";
		};
		B17238E42B5F4091006CCF8F /* LaunchScreen.storyboard */ = {
			isa = PBXVariantGroup;
			children = (
				B17238E52B5F4091006CCF8F /* Base */,
			);
			name = LaunchScreen.storyboard;
			sourceTree = "<group>";
		};
/* End PBXVariantGroup section */

/* Begin XCBuildConfiguration section */
		B17238FE2B5F4091006CCF8F /* Debug */ = {
			isa = XCBuildConfiguration;
			buildSettings = {
				ALWAYS_SEARCH_USER_PATHS = NO;
				CLANG_ANALYZER_NONNULL = YES;
				CLANG_ANALYZER_NUMBER_OBJECT_CONVERSION = YES_AGGRESSIVE;
				CLANG_CXX_LANGUAGE_STANDARD = "gnu++17";
				CLANG_CXX_LIBRARY = "libc++";
				CLANG_ENABLE_MODULES = YES;
				CLANG_ENABLE_OBJC_ARC = YES;
				CLANG_ENABLE_OBJC_WEAK = YES;
				CLANG_WARN_BLOCK_CAPTURE_AUTORELEASING = YES;
				CLANG_WARN_BOOL_CONVERSION = YES;
				CLANG_WARN_COMMA = YES;
				CLANG_WARN_CONSTANT_CONVERSION = YES;
				CLANG_WARN_DEPRECATED_OBJC_IMPLEMENTATIONS = YES;
				CLANG_WARN_DIRECT_OBJC_ISA_USAGE = YES_ERROR;
				CLANG_WARN_DOCUMENTATION_COMMENTS = YES;
				CLANG_WARN_EMPTY_BODY = YES;
				CLANG_WARN_ENUM_CONVERSION = YES;
				CLANG_WARN_INFINITE_RECURSION = YES;
				CLANG_WARN_INT_CONVERSION = YES;
				CLANG_WARN_NON_LITERAL_NULL_CONVERSION = YES;
				CLANG_WARN_OBJC_IMPLICIT_RETAIN_SELF = YES;
				CLANG_WARN_OBJC_LITERAL_CONVERSION = YES;
				CLANG_WARN_OBJC_ROOT_CLASS = YES_ERROR;
				CLANG_WARN_QUOTED_INCLUDE_IN_FRAMEWORK_HEADER = YES;
				CLANG_WARN_RANGE_LOOP_ANALYSIS = YES;
				CLANG_WARN_STRICT_PROTOTYPES = YES;
				CLANG_WARN_SUSPICIOUS_MOVE = YES;
				CLANG_WARN_UNGUARDED_AVAILABILITY = YES_AGGRESSIVE;
				CLANG_WARN_UNREACHABLE_CODE = YES;
				CLANG_WARN__DUPLICATE_METHOD_MATCH = YES;
				COPY_PHASE_STRIP = NO;
				DEBUG_INFORMATION_FORMAT = dwarf;
				ENABLE_STRICT_OBJC_MSGSEND = YES;
				ENABLE_TESTABILITY = YES;
				GCC_C_LANGUAGE_STANDARD = gnu11;
				GCC_DYNAMIC_NO_PIC = NO;
				GCC_NO_COMMON_BLOCKS = YES;
				GCC_OPTIMIZATION_LEVEL = 0;
				GCC_PREPROCESSOR_DEFINITIONS = (
					"DEBUG=1",
					"$(inherited)",
				);
				GCC_WARN_64_TO_32_BIT_CONVERSION = YES;
				GCC_WARN_ABOUT_RETURN_TYPE = YES_ERROR;
				GCC_WARN_UNDECLARED_SELECTOR = YES;
				GCC_WARN_UNINITIALIZED_AUTOS = YES_AGGRESSIVE;
				GCC_WARN_UNUSED_FUNCTION = YES;
				GCC_WARN_UNUSED_VARIABLE = YES;
				IPHONEOS_DEPLOYMENT_TARGET = 15.2;
				MTL_ENABLE_DEBUG_INFO = INCLUDE_SOURCE;
				MTL_FAST_MATH = YES;
				ONLY_ACTIVE_ARCH = YES;
				SDKROOT = iphoneos;
				SWIFT_ACTIVE_COMPILATION_CONDITIONS = DEBUG;
				SWIFT_OPTIMIZATION_LEVEL = "-Onone";
			};
			name = Debug;
		};
		B17238FF2B5F4091006CCF8F /* Release */ = {
			isa = XCBuildConfiguration;
			buildSettings = {
				ALWAYS_SEARCH_USER_PATHS = NO;
				CLANG_ANALYZER_NONNULL = YES;
				CLANG_ANALYZER_NUMBER_OBJECT_CONVERSION = YES_AGGRESSIVE;
				CLANG_CXX_LANGUAGE_STANDARD = "gnu++17";
				CLANG_CXX_LIBRARY = "libc++";
				CLANG_ENABLE_MODULES = YES;
				CLANG_ENABLE_OBJC_ARC = YES;
				CLANG_ENABLE_OBJC_WEAK = YES;
				CLANG_WARN_BLOCK_CAPTURE_AUTORELEASING = YES;
				CLANG_WARN_BOOL_CONVERSION = YES;
				CLANG_WARN_COMMA = YES;
				CLANG_WARN_CONSTANT_CONVERSION = YES;
				CLANG_WARN_DEPRECATED_OBJC_IMPLEMENTATIONS = YES;
				CLANG_WARN_DIRECT_OBJC_ISA_USAGE = YES_ERROR;
				CLANG_WARN_DOCUMENTATION_COMMENTS = YES;
				CLANG_WARN_EMPTY_BODY = YES;
				CLANG_WARN_ENUM_CONVERSION = YES;
				CLANG_WARN_INFINITE_RECURSION = YES;
				CLANG_WARN_INT_CONVERSION = YES;
				CLANG_WARN_NON_LITERAL_NULL_CONVERSION = YES;
				CLANG_WARN_OBJC_IMPLICIT_RETAIN_SELF = YES;
				CLANG_WARN_OBJC_LITERAL_CONVERSION = YES;
				CLANG_WARN_OBJC_ROOT_CLASS = YES_ERROR;
				CLANG_WARN_QUOTED_INCLUDE_IN_FRAMEWORK_HEADER = YES;
				CLANG_WARN_RANGE_LOOP_ANALYSIS = YES;
				CLANG_WARN_STRICT_PROTOTYPES = YES;
				CLANG_WARN_SUSPICIOUS_MOVE = YES;
				CLANG_WARN_UNGUARDED_AVAILABILITY = YES_AGGRESSIVE;
				CLANG_WARN_UNREACHABLE_CODE = YES;
				CLANG_WARN__DUPLICATE_METHOD_MATCH = YES;
				COPY_PHASE_STRIP = NO;
				DEBUG_INFORMATION_FORMAT = "dwarf-with-dsym";
				ENABLE_NS_ASSERTIONS = NO;
				ENABLE_STRICT_OBJC_MSGSEND = YES;
				GCC_C_LANGUAGE_STANDARD = gnu11;
				GCC_NO_COMMON_BLOCKS = YES;
				GCC_WARN_64_TO_32_BIT_CONVERSION = YES;
				GCC_WARN_ABOUT_RETURN_TYPE = YES_ERROR;
				GCC_WARN_UNDECLARED_SELECTOR = YES;
				GCC_WARN_UNINITIALIZED_AUTOS = YES_AGGRESSIVE;
				GCC_WARN_UNUSED_FUNCTION = YES;
				GCC_WARN_UNUSED_VARIABLE = YES;
				IPHONEOS_DEPLOYMENT_TARGET = 15.2;
				MTL_ENABLE_DEBUG_INFO = NO;
				MTL_FAST_MATH = YES;
				SDKROOT = iphoneos;
				SWIFT_COMPILATION_MODE = wholemodule;
				SWIFT_OPTIMIZATION_LEVEL = "-O";
				VALIDATE_PRODUCT = YES;
			};
			name = Release;
		};
		B17239012B5F4091006CCF8F /* Debug */ = {
			isa = XCBuildConfiguration;
			buildSettings = {
				ASSETCATALOG_COMPILER_APPICON_NAME = AppIcon;
				ASSETCATALOG_COMPILER_GLOBAL_ACCENT_COLOR_NAME = AccentColor;
				CODE_SIGN_STYLE = Automatic;
				CURRENT_PROJECT_VERSION = 1;
				GENERATE_INFOPLIST_FILE = YES;
				INFOPLIST_FILE = MyMovieApp_Richmond/Info.plist;
				INFOPLIST_KEY_UIApplicationSupportsIndirectInputEvents = YES;
				INFOPLIST_KEY_UILaunchStoryboardName = LaunchScreen;
				INFOPLIST_KEY_UIMainStoryboardFile = Main;
				INFOPLIST_KEY_UISupportedInterfaceOrientations_iPad = "UIInterfaceOrientationPortrait UIInterfaceOrientationPortraitUpsideDown UIInterfaceOrientationLandscapeLeft UIInterfaceOrientationLandscapeRight";
				INFOPLIST_KEY_UISupportedInterfaceOrientations_iPhone = "UIInterfaceOrientationPortrait UIInterfaceOrientationLandscapeLeft UIInterfaceOrientationLandscapeRight";
				LD_RUNPATH_SEARCH_PATHS = (
					"$(inherited)",
					"@executable_path/Frameworks",
				);
				MARKETING_VERSION = 1.0;
				PRODUCT_BUNDLE_IDENTIFIER = "kilometer.MyMovieApp-Richmond";
				PRODUCT_NAME = "$(TARGET_NAME)";
				SWIFT_EMIT_LOC_STRINGS = YES;
				SWIFT_VERSION = 5.0;
				TARGETED_DEVICE_FAMILY = "1,2";
			};
			name = Debug;
		};
		B17239022B5F4091006CCF8F /* Release */ = {
			isa = XCBuildConfiguration;
			buildSettings = {
				ASSETCATALOG_COMPILER_APPICON_NAME = AppIcon;
				ASSETCATALOG_COMPILER_GLOBAL_ACCENT_COLOR_NAME = AccentColor;
				CODE_SIGN_STYLE = Automatic;
				CURRENT_PROJECT_VERSION = 1;
				GENERATE_INFOPLIST_FILE = YES;
				INFOPLIST_FILE = MyMovieApp_Richmond/Info.plist;
				INFOPLIST_KEY_UIApplicationSupportsIndirectInputEvents = YES;
				INFOPLIST_KEY_UILaunchStoryboardName = LaunchScreen;
				INFOPLIST_KEY_UIMainStoryboardFile = Main;
				INFOPLIST_KEY_UISupportedInterfaceOrientations_iPad = "UIInterfaceOrientationPortrait UIInterfaceOrientationPortraitUpsideDown UIInterfaceOrientationLandscapeLeft UIInterfaceOrientationLandscapeRight";
				INFOPLIST_KEY_UISupportedInterfaceOrientations_iPhone = "UIInterfaceOrientationPortrait UIInterfaceOrientationLandscapeLeft UIInterfaceOrientationLandscapeRight";
				LD_RUNPATH_SEARCH_PATHS = (
					"$(inherited)",
					"@executable_path/Frameworks",
				);
				MARKETING_VERSION = 1.0;
				PRODUCT_BUNDLE_IDENTIFIER = "kilometer.MyMovieApp-Richmond";
				PRODUCT_NAME = "$(TARGET_NAME)";
				SWIFT_EMIT_LOC_STRINGS = YES;
				SWIFT_VERSION = 5.0;
				TARGETED_DEVICE_FAMILY = "1,2";
			};
			name = Release;
		};
		B17239042B5F4091006CCF8F /* Debug */ = {
			isa = XCBuildConfiguration;
			buildSettings = {
				ALWAYS_EMBED_SWIFT_STANDARD_LIBRARIES = YES;
				BUNDLE_LOADER = "$(TEST_HOST)";
				CODE_SIGN_STYLE = Automatic;
				CURRENT_PROJECT_VERSION = 1;
				GENERATE_INFOPLIST_FILE = YES;
				IPHONEOS_DEPLOYMENT_TARGET = 15.2;
				MARKETING_VERSION = 1.0;
				PRODUCT_BUNDLE_IDENTIFIER = "kilometer.MyMovieApp-RichmondTests";
				PRODUCT_NAME = "$(TARGET_NAME)";
				SWIFT_EMIT_LOC_STRINGS = NO;
				SWIFT_VERSION = 5.0;
				TARGETED_DEVICE_FAMILY = "1,2";
				TEST_HOST = "$(BUILT_PRODUCTS_DIR)/MyMovieApp_Richmond.app/MyMovieApp_Richmond";
			};
			name = Debug;
		};
		B17239052B5F4091006CCF8F /* Release */ = {
			isa = XCBuildConfiguration;
			buildSettings = {
				ALWAYS_EMBED_SWIFT_STANDARD_LIBRARIES = YES;
				BUNDLE_LOADER = "$(TEST_HOST)";
				CODE_SIGN_STYLE = Automatic;
				CURRENT_PROJECT_VERSION = 1;
				GENERATE_INFOPLIST_FILE = YES;
				IPHONEOS_DEPLOYMENT_TARGET = 15.2;
				MARKETING_VERSION = 1.0;
				PRODUCT_BUNDLE_IDENTIFIER = "kilometer.MyMovieApp-RichmondTests";
				PRODUCT_NAME = "$(TARGET_NAME)";
				SWIFT_EMIT_LOC_STRINGS = NO;
				SWIFT_VERSION = 5.0;
				TARGETED_DEVICE_FAMILY = "1,2";
				TEST_HOST = "$(BUILT_PRODUCTS_DIR)/MyMovieApp_Richmond.app/MyMovieApp_Richmond";
			};
			name = Release;
		};
		B17239072B5F4091006CCF8F /* Debug */ = {
			isa = XCBuildConfiguration;
			buildSettings = {
				ALWAYS_EMBED_SWIFT_STANDARD_LIBRARIES = YES;
				CODE_SIGN_STYLE = Automatic;
				CURRENT_PROJECT_VERSION = 1;
				GENERATE_INFOPLIST_FILE = YES;
				MARKETING_VERSION = 1.0;
				PRODUCT_BUNDLE_IDENTIFIER = "kilometer.MyMovieApp-RichmondUITests";
				PRODUCT_NAME = "$(TARGET_NAME)";
				SWIFT_EMIT_LOC_STRINGS = NO;
				SWIFT_VERSION = 5.0;
				TARGETED_DEVICE_FAMILY = "1,2";
				TEST_TARGET_NAME = MyMovieApp_Richmond;
			};
			name = Debug;
		};
		B17239082B5F4091006CCF8F /* Release */ = {
			isa = XCBuildConfiguration;
			buildSettings = {
				ALWAYS_EMBED_SWIFT_STANDARD_LIBRARIES = YES;
				CODE_SIGN_STYLE = Automatic;
				CURRENT_PROJECT_VERSION = 1;
				GENERATE_INFOPLIST_FILE = YES;
				MARKETING_VERSION = 1.0;
				PRODUCT_BUNDLE_IDENTIFIER = "kilometer.MyMovieApp-RichmondUITests";
				PRODUCT_NAME = "$(TARGET_NAME)";
				SWIFT_EMIT_LOC_STRINGS = NO;
				SWIFT_VERSION = 5.0;
				TARGETED_DEVICE_FAMILY = "1,2";
				TEST_TARGET_NAME = MyMovieApp_Richmond;
			};
			name = Release;
		};
/* End XCBuildConfiguration section */

/* Begin XCConfigurationList section */
		B17238CE2B5F408F006CCF8F /* Build configuration list for PBXProject "MyMovieApp_Richmond" */ = {
			isa = XCConfigurationList;
			buildConfigurations = (
				B17238FE2B5F4091006CCF8F /* Debug */,
				B17238FF2B5F4091006CCF8F /* Release */,
			);
			defaultConfigurationIsVisible = 0;
			defaultConfigurationName = Release;
		};
		B17239002B5F4091006CCF8F /* Build configuration list for PBXNativeTarget "MyMovieApp_Richmond" */ = {
			isa = XCConfigurationList;
			buildConfigurations = (
				B17239012B5F4091006CCF8F /* Debug */,
				B17239022B5F4091006CCF8F /* Release */,
			);
			defaultConfigurationIsVisible = 0;
			defaultConfigurationName = Release;
		};
		B17239032B5F4091006CCF8F /* Build configuration list for PBXNativeTarget "MyMovieApp_RichmondTests" */ = {
			isa = XCConfigurationList;
			buildConfigurations = (
				B17239042B5F4091006CCF8F /* Debug */,
				B17239052B5F4091006CCF8F /* Release */,
			);
			defaultConfigurationIsVisible = 0;
			defaultConfigurationName = Release;
		};
		B17239062B5F4091006CCF8F /* Build configuration list for PBXNativeTarget "MyMovieApp_RichmondUITests" */ = {
			isa = XCConfigurationList;
			buildConfigurations = (
				B17239072B5F4091006CCF8F /* Debug */,
				B17239082B5F4091006CCF8F /* Release */,
			);
			defaultConfigurationIsVisible = 0;
			defaultConfigurationName = Release;
		};
/* End XCConfigurationList section */

/* Begin XCVersionGroup section */
		B17238DF2B5F408F006CCF8F /* MyMovieApp_Richmond.xcdatamodeld */ = {
			isa = XCVersionGroup;
			children = (
				B17238E02B5F408F006CCF8F /* MyMovieApp_Richmond.xcdatamodel */,
			);
			currentVersion = B17238E02B5F408F006CCF8F /* MyMovieApp_Richmond.xcdatamodel */;
			path = MyMovieApp_Richmond.xcdatamodeld;
			sourceTree = "<group>";
			versionGroupType = wrapper.xcdatamodel;
		};
/* End XCVersionGroup section */
	};
	rootObject = B17238CB2B5F408F006CCF8F /* Project object */;
}
